
Microsoft Visual Studio Solution File, Format Version 12.00
# Visual Studio 15
Project("{FAE04EC0-301F-11D3-BF4B-00C04F79EFBC}") = "The Hunt Is On", "The Hunt Is On.csproj", "{661B2517-1150-0D7A-7F7F-C28041D864F8}"
EndProject
Global
	GlobalSection(SolutionConfigurationPlatforms) = preSolution
		Debug|Any CPU = Debug|Any CPU
		Release|Any CPU = Release|Any CPU
	EndGlobalSection
	GlobalSection(ProjectConfigurationPlatforms) = postSolution
		{661B2517-1150-0D7A-7F7F-C28041D864F8}.Debug|Any CPU.ActiveCfg = Debug|Any CPU
		{661B2517-1150-0D7A-7F7F-C28041D864F8}.Debug|Any CPU.Build.0 = Debug|Any CPU
		{661B2517-1150-0D7A-7F7F-C28041D864F8}.Release|Any CPU.ActiveCfg = Release|Any CPU
		{661B2517-1150-0D7A-7F7F-C28041D864F8}.Release|Any CPU.Build.0 = Release|Any CPU
	EndGlobalSection
	GlobalSection(SolutionProperties) = preSolution
		HideSolutionNode = FALSE
	EndGlobalSection
EndGlobal
